
Microsoft Visual Studio Solution File, Format Version 12.00
Project("{FAE04EC0-301F-11D3-BF4B-00C04F79EFBC}") = "BackendPractice", "BackendPractice\BackendPractice.csproj", "{68BE685C-DFC6-4B98-ABFE-E46DEB5E562D}"
EndProject
Project("{FAE04EC0-301F-11D3-BF4B-00C04F79EFBC}") = "Domain", "Domain\Domain.csproj", "{EB70BA23-B8C5-405A-871B-64E901BA7E16}"
EndProject
Project("{FAE04EC0-301F-11D3-BF4B-00C04F79EFBC}") = "UnitTests", "UnitTests\UnitTests.csproj", "{678D6C23-88C8-4784-BC86-ACE9C724DF8D}"
EndProject
Global
	GlobalSection(SolutionConfigurationPlatforms) = preSolution
		Debug|Any CPU = Debug|Any CPU
		Release|Any CPU = Release|Any CPU
	EndGlobalSection
	GlobalSection(ProjectConfigurationPlatforms) = postSolution
		{68BE685C-DFC6-4B98-ABFE-E46DEB5E562D}.Debug|Any CPU.ActiveCfg = Debug|Any CPU
		{68BE685C-DFC6-4B98-ABFE-E46DEB5E562D}.Debug|Any CPU.Build.0 = Debug|Any CPU
		{68BE685C-DFC6-4B98-ABFE-E46DEB5E562D}.Release|Any CPU.ActiveCfg = Release|Any CPU
		{68BE685C-DFC6-4B98-ABFE-E46DEB5E562D}.Release|Any CPU.Build.0 = Release|Any CPU
		{EB70BA23-B8C5-405A-871B-64E901BA7E16}.Debug|Any CPU.ActiveCfg = Debug|Any CPU
		{EB70BA23-B8C5-405A-871B-64E901BA7E16}.Debug|Any CPU.Build.0 = Debug|Any CPU
		{EB70BA23-B8C5-405A-871B-64E901BA7E16}.Release|Any CPU.ActiveCfg = Release|Any CPU
		{EB70BA23-B8C5-405A-871B-64E901BA7E16}.Release|Any CPU.Build.0 = Release|Any CPU
		{678D6C23-88C8-4784-BC86-ACE9C724DF8D}.Debug|Any CPU.ActiveCfg = Debug|Any CPU
		{678D6C23-88C8-4784-BC86-ACE9C724DF8D}.Debug|Any CPU.Build.0 = Debug|Any CPU
		{678D6C23-88C8-4784-BC86-ACE9C724DF8D}.Release|Any CPU.ActiveCfg = Release|Any CPU
		{678D6C23-88C8-4784-BC86-ACE9C724DF8D}.Release|Any CPU.Build.0 = Release|Any CPU
	EndGlobalSection
EndGlobal
